// !$*UTF8*$!
{
	archiveVersion = 1;
	classes = {
	};
	objectVersion = 56;
	objects = {

/* Begin PBXBuildFile section */
		100000000000000000000005 /* SimmerApp.swift in Sources */ = {isa = PBXBuildFile; fileRef = 100000000000000000000004 /* SimmerApp.swift */; };
		100000000000000000000021 /* clawd-alert.wav in Resources */ = {isa = PBXBuildFile; fileRef = 100000000000000000000020 /* clawd-alert.wav */; };
		100000000000000000000023 /* clawd-done.wav in Resources */ = {isa = PBXBuildFile; fileRef = 100000000000000000000022 /* clawd-done.wav */; };
		100000000000000000000025 /* Simmer.icns in Resources */ = {isa = PBXBuildFile; fileRef = 100000000000000000000024 /* Simmer.icns */; };
/* End PBXBuildFile section */

/* Begin PBXFileReference section */
		100000000000000000000003 /* Simmer.app */ = {isa = PBXFileReference; explicitFileType = wrapper.application; includeInIndex = 0; path = Simmer.app; sourceTree = BUILT_PRODUCTS_DIR; };
		100000000000000000000004 /* SimmerApp.swift */ = {isa = PBXFileReference; lastKnownFileType = sourcecode.swift; path = SimmerApp.swift; sourceTree = "<group>"; };
		100000000000000000000020 /* clawd-alert.wav */ = {isa = PBXFileReference; lastKnownFileType = audio.wav; path = Resources/clawd-alert.wav; sourceTree = "<group>"; };
		100000000000000000000022 /* clawd-done.wav */ = {isa = PBXFileReference; lastKnownFileType = audio.wav; path = Resources/clawd-done.wav; sourceTree = "<group>"; };
		100000000000000000000024 /* Simmer.icns */ = {isa = PBXFileReference; lastKnownFileType = image.icns; path = Resources/Simmer.icns; sourceTree = "<group>"; };
/* End PBXFileReference section */

/* Begin PBXFrameworksBuildPhase section */
		100000000000000000000007 /* Frameworks */ = {
			isa = PBXFrameworksBuildPhase;
			buildActionMask = 2147483647;
			files = (
			);
			runOnlyForDeploymentPostprocessing = 0;
		};
/* End PBXFrameworksBuildPhase section */

/* Begin PBXGroup section */
		100000000000000000000009 /* MainGroup */ = {
			isa = PBXGroup;
			children = (
				10000000000000000000000A /* Simmer */,
				10000000000000000000000B /* Products */,
			);
			sourceTree = "<group>";
		};
		10000000000000000000000A /* Simmer */ = {
			isa = PBXGroup;
			children = (
				100000000000000000000004 /* SimmerApp.swift */,
				100000000000000000000020 /* clawd-alert.wav */,
				100000000000000000000022 /* clawd-done.wav */,
				100000000000000000000024 /* Simmer.icns */,
			);
			path = Simmer;
			sourceTree = "<group>";
		};
		10000000000000000000000B /* Products */ = {
			isa = PBXGroup;
			children = (
				100000000000000000000003 /* Simmer.app */,
			);
			name = Products;
			sourceTree = "<group>";
		};
/* End PBXGroup section */

/* Begin PBXNativeTarget section */
		100000000000000000000002 /* Simmer */ = {
			isa = PBXNativeTarget;
			buildConfigurationList = 10000000000000000000000D /* Build configuration list for PBXNativeTarget "Simmer" */;
			buildPhases = (
				100000000000000000000006 /* Sources */,
				100000000000000000000007 /* Frameworks */,
				100000000000000000000008 /* Resources */,
			);
			buildRules = (
			);
			dependencies = (
			);
			name = Simmer;
			productName = Simmer;
			productReference = 100000000000000000000003 /* Simmer.app */;
			productType = "com.apple.product-type.application";
		};
/* End PBXNativeTarget section */

/* Begin PBXProject section */
		100000000000000000000001 /* Project object */ = {
			isa = PBXProject;
			attributes = {
				BuildIndependentTargetsInParallel = 1;
				LastSwiftUpdateCheck = 1500;
				LastUpgradeCheck = 1500;
				TargetAttributes = {
					100000000000000000000002 = {
						CreatedOnToolsVersion = 15.0;
					};
				};
			};
			buildConfigurationList = 10000000000000000000000C /* Build configuration list for PBXProject "Simmer" */;
			compatibilityVersion = "Xcode 14.0";
			developmentRegion = en;
			hasScannedForEncodings = 0;
			knownRegions = (
				en,
				Base,
			);
			mainGroup = 100000000000000000000009 /* MainGroup */;
			productRefGroup = 10000000000000000000000B /* Products */;
			projectDirPath = "";
			projectRoot = "";
			targets = (
				100000000000000000000002 /* Simmer */,
			);
		};
/* End PBXProject section */

/* Begin PBXResourcesBuildPhase section */
		100000000000000000000008 /* Resources */ = {
			isa = PBXResourcesBuildPhase;
			buildActionMask = 2147483647;
			files = (
				100000000000000000000021 /* clawd-alert.wav in Resources */,
				100000000000000000000023 /* clawd-done.wav in Resources */,
				100000000000000000000025 /* Simmer.icns in Resources */,
			);
			runOnlyForDeploymentPostprocessing = 0;
		};
/* End PBXResourcesBuildPhase section */

/* Begin PBXSourcesBuildPhase section */
		100000000000000000000006 /* Sources */ = {
			isa = PBXSourcesBuildPhase;
			buildActionMask = 2147483647;
			files = (
				100000000000000000000005 /* SimmerApp.swift in Sources */,
			);
			runOnlyForDeploymentPostprocessing = 0;
		};
/* End PBXSourcesBuildPhase section */

/* Begin XCBuildConfiguration section */
		10000000000000000000000E /* Debug */ = {
			isa = XCBuildConfiguration;
			buildSettings = {
				ALWAYS_SEARCH_USER_PATHS = NO;
				CLANG_ENABLE_OBJC_WEAK = YES;
				COPY_PHASE_STRIP = NO;
				ENABLE_STRICT_OBJC_MSGSEND = YES;
				GCC_NO_COMMON_BLOCKS = YES;
				MACOSX_DEPLOYMENT_TARGET = 13.0;
				ONLY_ACTIVE_ARCH = YES;
				SDKROOT = macosx;
				SWIFT_ACTIVE_COMPILATION_CONDITIONS = DEBUG;
				SWIFT_OPTIMIZATION_LEVEL = "-Onone";
			};
			name = Debug;
		};
		10000000000000000000000F /* Release */ = {
			isa = XCBuildConfiguration;
			buildSettings = {
				ALWAYS_SEARCH_USER_PATHS = NO;
				CLANG_ENABLE_OBJC_WEAK = YES;
				COPY_PHASE_STRIP = NO;
				ENABLE_STRICT_OBJC_MSGSEND = YES;
				GCC_NO_COMMON_BLOCKS = YES;
				MACOSX_DEPLOYMENT_TARGET = 13.0;
				SDKROOT = macosx;
				SWIFT_COMPILATION_MODE = wholemodule;
				SWIFT_OPTIMIZATION_LEVEL = "-O";
			};
			name = Release;
		};
		100000000000000000000010 /* Debug */ = {
			isa = XCBuildConfiguration;
			buildSettings = {
				ASSETCATALOG_COMPILER_GLOBAL_ACCENT_COLOR_NAME = AccentColor;
				CODE_SIGN_STYLE = Automatic;
				CURRENT_PROJECT_VERSION = 1;
				ENABLE_HARDENED_RUNTIME = NO;
				GENERATE_INFOPLIST_FILE = NO;
				INFOPLIST_FILE = Simmer/Info.plist;
				MARKETING_VERSION = 0.1.4;
				PRODUCT_BUNDLE_IDENTIFIER = com.grantshaver.simmer;
				PRODUCT_NAME = "$(TARGET_NAME)";
				SWIFT_EMIT_LOC_STRINGS = YES;
				SWIFT_VERSION = 5.0;
			};
			name = Debug;
		};
		100000000000000000000011 /* Release */ = {
			isa = XCBuildConfiguration;
			buildSettings = {
				ASSETCATALOG_COMPILER_GLOBAL_ACCENT_COLOR_NAME = AccentColor;
				CODE_SIGN_STYLE = Automatic;
				CURRENT_PROJECT_VERSION = 1;
				ENABLE_HARDENED_RUNTIME = NO;
				GENERATE_INFOPLIST_FILE = NO;
				INFOPLIST_FILE = Simmer/Info.plist;
				MARKETING_VERSION = 0.1.4;
				PRODUCT_BUNDLE_IDENTIFIER = com.grantshaver.simmer;
				PRODUCT_NAME = "$(TARGET_NAME)";
				SWIFT_EMIT_LOC_STRINGS = YES;
				SWIFT_VERSION = 5.0;
			};
			name = Release;
		};
/* End XCBuildConfiguration section */

/* Begin XCConfigurationList section */
		10000000000000000000000C /* Build configuration list for PBXProject "Simmer" */ = {
			isa = XCConfigurationList;
			buildConfigurations = (
				10000000000000000000000E /* Debug */,
				10000000000000000000000F /* Release */,
			);
			defaultConfigurationIsVisible = 0;
			defaultConfigurationName = Release;
		};
		10000000000000000000000D /* Build configuration list for PBXNativeTarget "Simmer" */ = {
			isa = XCConfigurationList;
			buildConfigurations = (
				100000000000000000000010 /* Debug */,
				100000000000000000000011 /* Release */,
			);
			defaultConfigurationIsVisible = 0;
			defaultConfigurationName = Release;
		};
/* End XCConfigurationList section */
	};
	rootObject = 100000000000000000000001 /* Project object */;
}
